{
  "originHash" : "bf16876dcccbe311e139d526494037ece7c3181cc10c5f08970690082db4b425",
  "pins" : [
    {
      "identity" : "antlr4",
      "kind" : "remoteSourceControl",
      "location" : "https://github.com/antlr/antlr4.git",
      "state" : {
        "revision" : "cc82115a4e7f53d71d9d905caa2c2dfa4da58899",
        "version" : "4.13.2"
      }
    }
  ],
  "version" : 3
}
